{
    "_readme": [
        "This file locks the dependencies of your project to a known state",
        "Read more about it at http://getcomposer.org/doc/01-basic-usage.md#composer-lock-the-lock-file",
        "This file is @generated automatically"
    ],
    "hash": "825bb2e15c706ea871dabff2e0da82fa",
    "packages": [
        {
            "name": "ircmaxell/password-compat",
            "version": "1.0.3",
            "source": {
                "type": "git",
                "url": "https://github.com/ircmaxell/password_compat.git",
                "reference": "1fc1521b5e9794ea77e4eca30717be9635f1d4f4"
            },
            "dist": {
                "type": "zip",
                "url": "https://api.github.com/repos/ircmaxell/password_compat/zipball/1fc1521b5e9794ea77e4eca30717be9635f1d4f4",
                "reference": "1fc1521b5e9794ea77e4eca30717be9635f1d4f4",
                "shasum": ""
            },
            "type": "library",
            "autoload": {
                "files": [
                    "lib/password.php"
                ]
            },
            "notification-url": "https://packagist.org/downloads/",
            "license": [
                "MIT"
            ],
            "authors": [
                {
                    "name": "Anthony Ferrara",
                    "email": "ircmaxell@php.net",
                    "homepage": "http://blog.ircmaxell.com"
                }
            ],
            "description": "A compatibility library for the proposed simplified password hashing algorithm: https://wiki.php.net/rfc/password_hash",
            "homepage": "https://github.com/ircmaxell/password_compat",
            "keywords": [
                "hashing",
                "password"
            ],
            "time": "2013-04-30 19:58:08"
        },
        {
            "name": "jasny/auth",
            "version": "dev-master",
            "source": {
                "type": "git",
                "url": "https://github.com/jasny/auth.git",
                "reference": "d1f249786e6ca74719d81397672cd2c0064b2949"
            },
            "dist": {
                "type": "zip",
                "url": "https://api.github.com/repos/jasny/auth/zipball/d1f249786e6ca74719d81397672cd2c0064b2949",
                "reference": "d1f249786e6ca74719d81397672cd2c0064b2949",
                "shasum": ""
            },
            "bin": [
                "bin/auth"
            ],
            "type": "library",
            "autoload": {
                "psr-4": {
                    "Jasny\\": "src/"
                }
            },
            "notification-url": "https://packagist.org/downloads/",
            "license": [
                "MIT"
            ],
            "authors": [
                {
                    "name": "Arnold Daniels",
                    "email": "arnold@jasny.net",
                    "homepage": "http://www.jasny.net"
                }
            ],
            "description": "Authentication and level based authorization",
            "homepage": "http://jasny.github.com/auth",
            "keywords": [
                "auth"
            ],
            "time": "2014-08-05 03:13:10"
        },
        {
            "name": "jasny/config",
            "version": "v1.1.3",
            "source": {
                "type": "git",
                "url": "https://github.com/jasny/config.git",
                "reference": "e375708fd5d050f2c2f316d18b3bc4416e634215"
            },
            "dist": {
                "type": "zip",
                "url": "https://api.github.com/repos/jasny/config/zipball/e375708fd5d050f2c2f316d18b3bc4416e634215",
                "reference": "e375708fd5d050f2c2f316d18b3bc4416e634215",
                "shasum": ""
            },
            "require": {
                "php": ">=5.4.0"
            },
            "require-dev": {
                "mustangostang/spyc": "0.*",
                "symfony/yaml": "2.*"
            },
            "type": "library",
            "autoload": {
                "psr-0": {
                    "Jasny\\Config": "src/"
                }
            },
            "notification-url": "https://packagist.org/downloads/",
            "license": [
                "MIT"
            ],
            "authors": [
                {
                    "name": "Arnold Daniels",
                    "email": "arnold@jasny.net",
                    "homepage": "http://www.jasny.net"
                }
            ],
            "description": "Configure your application. You can load .ini, .json, .yaml or .neon files or a MySQL DB.",
            "keywords": [
                "config",
                "configuration",
                "db",
                "ini",
                "json",
                "mysql",
                "yaml"
            ],
            "time": "2014-07-31 21:39:20"
        },
        {
            "name": "jasny/consolekit-extension",
            "version": "v1.0.2",
            "source": {
                "type": "git",
                "url": "https://github.com/jasny/consolekit-extension.git",
                "reference": "1a651e570ecd5c8fb183ab3f2a5a88454c5ff6c7"
            },
            "dist": {
                "type": "zip",
                "url": "https://api.github.com/repos/jasny/consolekit-extension/zipball/1a651e570ecd5c8fb183ab3f2a5a88454c5ff6c7",
                "reference": "1a651e570ecd5c8fb183ab3f2a5a88454c5ff6c7",
                "shasum": ""
            },
            "require": {
                "maximebf/consolekit": "~1.0.0",
                "php": ">=5.3.2"
            },
            "type": "library",
            "autoload": {
                "psr-4": {
                    "Jasny\\ConsoleKit\\": "src/"
                }
            },
            "notification-url": "https://packagist.org/downloads/",
            "license": [
                "MIT"
            ],
            "authors": [
                {
                    "name": "Arnold Daniels",
                    "email": "arnold@jasny.net",
                    "homepage": "http://www.jasny.net"
                }
            ],
            "description": "An extension to maximebf/consolekit",
            "homepage": "http://jasny.github.com/consolekit-extension",
            "keywords": [
                "cli",
                "commands",
                "console",
                "shell"
            ],
            "time": "2014-04-24 22:55:55"
        },
        {
            "name": "jasny/db",
            "version": "v1.0.0",
            "source": {
                "type": "git",
                "url": "https://github.com/jasny/db.git",
                "reference": "2338dc3943618110db48913ea3ba242cc239c7b7"
            },
            "dist": {
                "type": "zip",
                "url": "https://api.github.com/repos/jasny/db/zipball/2338dc3943618110db48913ea3ba242cc239c7b7",
                "reference": "2338dc3943618110db48913ea3ba242cc239c7b7",
                "shasum": ""
            },
            "require": {
                "jasny/dbquery": "~1.0.0",
                "php": ">=5.4.0"
            },
            "require-dev": {
                "mikey179/vfsstream": "1.x",
                "phpunit/phpunit": "3.x",
                "psr/log": "1.x"
            },
            "suggest": {
                "monolog/monolog": "Log queries and error from Jasny/DB"
            },
            "type": "library",
            "autoload": {
                "psr-0": {
                    "Jasny\\DB": "src/"
                }
            },
            "notification-url": "https://packagist.org/downloads/",
            "license": [
                "MIT"
            ],
            "authors": [
                {
                    "name": "Arnold Daniels",
                    "email": "arnold@jasny.net",
                    "homepage": "http://www.jasny.net"
                }
            ],
            "description": "A DB layer for the masses",
            "homepage": "http://jasny.github.com/db",
            "keywords": [
                "database",
                "db",
                "mysql"
            ],
            "time": "2014-04-22 15:08:55"
        },
        {
            "name": "jasny/dbquery",
            "version": "v1.0.0",
            "source": {
                "type": "git",
                "url": "https://github.com/jasny/dbquery.git",
                "reference": "8be59162dcb623b1da8ce9da9055d13f51250286"
            },
            "dist": {
                "type": "zip",
                "url": "https://api.github.com/repos/jasny/dbquery/zipball/8be59162dcb623b1da8ce9da9055d13f51250286",
                "reference": "8be59162dcb623b1da8ce9da9055d13f51250286",
                "shasum": ""
            },
            "require": {
                "php": ">=5.3.0"
            },
            "suggest": {
                "jasny/db": "Jasny's DB layer for the masses (it's good)"
            },
            "type": "library",
            "autoload": {
                "psr-0": {
                    "Jasny\\DB\\MySQL\\Query": "src/"
                }
            },
            "notification-url": "https://packagist.org/downloads/",
            "license": [
                "MIT"
            ],
            "authors": [
                {
                    "name": "Arnold Daniels",
                    "email": "arnold@jasny.net",
                    "homepage": "http://www.jasny.net"
                }
            ],
            "description": "The best and most complete query builder/parser (for MySQL)",
            "homepage": "http://jasny.github.com/dbquery",
            "keywords": [
                "database",
                "db",
                "query",
                "query builder",
                "sql"
            ],
            "time": "2014-01-26 02:02:48"
        },
        {
            "name": "jasny/dbvc",
            "version": "v0.1.4",
            "source": {
                "type": "git",
                "url": "https://github.com/jasny/dbvc.git",
                "reference": "770ac5a918fc1a9ef60f81d4a262d050e8221b9f"
            },
            "dist": {
                "type": "zip",
                "url": "https://api.github.com/repos/jasny/dbvc/zipball/770ac5a918fc1a9ef60f81d4a262d050e8221b9f",
                "reference": "770ac5a918fc1a9ef60f81d4a262d050e8221b9f",
                "shasum": ""
            },
            "require": {
                "jasny/consolekit-extension": "~1.0.2",
                "maximebf/consolekit": "1.*",
                "php": ">=5.3.2"
            },
            "bin": [
                "bin/dbvc"
            ],
            "type": "library",
            "autoload": {
                "psr-0": {
                    "Jasny\\DBVC": "src/"
                }
            },
            "notification-url": "https://packagist.org/downloads/",
            "license": [
                "MIT"
            ],
            "authors": [
                {
                    "name": "Arnold Daniels",
                    "email": "arnold@jasny.net",
                    "homepage": "http://www.jasny.net"
                }
            ],
            "description": "Database version control",
            "homepage": "http://jasny.github.com/dbvc",
            "keywords": [
                "database",
                "db",
                "git",
                "mysql",
                "vcs",
                "versioning"
            ],
            "time": "2014-07-31 03:35:22"
        },
        {
            "name": "jasny/formbuilder",
            "version": "v0.1.0",
            "source": {
                "type": "git",
                "url": "https://github.com/jasny/formbuilder.git",
                "reference": "6e82cf8d69250903691e9bf186fa933300661050"
            },
            "dist": {
                "type": "zip",
                "url": "https://api.github.com/repos/jasny/formbuilder/zipball/6e82cf8d69250903691e9bf186fa933300661050",
                "reference": "6e82cf8d69250903691e9bf186fa933300661050",
                "shasum": ""
            },
            "require": {
                "php": ">=5.4.0"
            },
            "require-dev": {
                "gajus/dindent": "dev-master#cb8579d82d11873d5f650aab333c82f8f9eec62f"
            },
            "type": "library",
            "autoload": {
                "psr-0": {
                    "Jasny\\FormBuilder": "src/",
                    "Jasny\\FormGenerator": "src/"
                }
            },
            "notification-url": "https://packagist.org/downloads/",
            "license": [
                "MIT"
            ],
            "authors": [
                {
                    "name": "Arnold Daniels",
                    "email": "arnold@jasny.net",
                    "homepage": "http://www.jasny.net"
                }
            ],
            "description": "A form builder for HTML5 forms",
            "keywords": [
                "Forms",
                "HTML5"
            ],
            "time": "2014-08-04 23:33:54"
        },
        {
            "name": "jasny/iso",
            "version": "dev-master",
            "source": {
                "type": "git",
                "url": "https://github.com/jasny/iso.git",
                "reference": "bf9ebacfae08bd099338403d8e1b5ab7c232bcca"
            },
            "dist": {
                "type": "zip",
                "url": "https://api.github.com/repos/jasny/iso/zipball/bf9ebacfae08bd099338403d8e1b5ab7c232bcca",
                "reference": "bf9ebacfae08bd099338403d8e1b5ab7c232bcca",
                "shasum": ""
            },
            "require": {
                "php": ">=5.4.0"
            },
            "type": "library",
            "autoload": {
                "psr-0": {
                    "Jasny\\ISO": "src/"
                }
            },
            "notification-url": "https://packagist.org/downloads/",
            "time": "2014-08-02 23:43:32"
        },
        {
            "name": "jasny/mvc",
            "version": "dev-v2-wip",
            "source": {
                "type": "git",
                "url": "https://github.com/jasny/mvc.git",
                "reference": "77572047a788a1669feeb609976ba37012b141a3"
            },
            "dist": {
                "type": "zip",
                "url": "https://api.github.com/repos/jasny/mvc/zipball/77572047a788a1669feeb609976ba37012b141a3",
                "reference": "77572047a788a1669feeb609976ba37012b141a3",
                "shasum": ""
            },
            "require": {
                "php": ">=5.4.0"
            },
            "type": "library",
            "extra": {
                "branch-alias": {
                    "dev-v2-wip": "2.0.x-dev"
                }
            },
            "autoload": {
                "psr-4": {
                    "Jasny\\MVC\\": "src/"
                }
            },
            "notification-url": "https://packagist.org/downloads/",
            "license": [
                "MIT"
            ],
            "authors": [
                {
                    "name": "Arnold Daniels",
                    "email": "arnold@jasny.net",
                    "homepage": "http://www.jasny.net"
                }
            ],
            "description": "The basics for an MVC application",
            "keywords": [
                "controller",
                "mvc",
                "router",
                "routing"
            ],
            "time": "2014-08-05 00:08:32"
        },
        {
            "name": "jasny/social",
            "version": "dev-master",
            "source": {
                "type": "git",
                "url": "https://github.com/jasny-social/social.git",
                "reference": "b5157cf52a26ac00f04929cea1a539e51259d5c7"
            },
            "dist": {
                "type": "zip",
                "url": "https://api.github.com/repos/jasny-social/social/zipball/b5157cf52a26ac00f04929cea1a539e51259d5c7",
                "reference": "b5157cf52a26ac00f04929cea1a539e51259d5c7",
                "shasum": ""
            },
            "require": {
                "ext-curl": "*",
                "jasny/iso": "dev-master",
                "php": ">=5.4.0"
            },
            "replace": {
                "jasny/social": "self.version"
            },
            "type": "library",
            "autoload": {
                "psr-0": {
                    "Social": "src/"
                }
            },
            "notification-url": "https://packagist.org/downloads/",
            "time": "2014-07-11 22:07:12"
        },
        {
            "name": "jasny/twig-extensions",
            "version": "1.0.0",
            "source": {
                "type": "git",
                "url": "https://github.com/jasny/twig-extensions.git",
                "reference": "9ed046b433e9448a81db83fc437fe802a4cb3de4"
            },
            "dist": {
                "type": "zip",
                "url": "https://api.github.com/repos/jasny/twig-extensions/zipball/9ed046b433e9448a81db83fc437fe802a4cb3de4",
                "reference": "9ed046b433e9448a81db83fc437fe802a4cb3de4",
                "shasum": ""
            },
            "require": {
                "php": ">=5.3.0",
                "twig/twig": "1.*"
            },
            "suggest": {
                "ext-intl": "Required for the use of the LocalDate Twig extension",
                "ext-pcre": "Required for the use of the PCRE Twig extension"
            },
            "type": "library",
            "autoload": {
                "psr-0": {
                    "Jasny\\Twig": "src/"
                }
            },
            "notification-url": "https://packagist.org/downloads/",
            "license": [
                "MIT"
            ],
            "authors": [
                {
                    "name": "Arnold Daniels",
                    "email": "arnold@jasny.net",
                    "homepage": "http://www.jasny.net"
                }
            ],
            "description": "A set of useful Twig filters",
            "homepage": "http://github.com/jasny/twig-extensions#README",
            "keywords": [
                "PCRE",
                "array",
                "date",
                "datetime",
                "preg",
                "regex",
                "templating",
                "text",
                "time"
            ],
            "time": "2014-02-07 17:56:30"
        },
        {
            "name": "maximebf/consolekit",
            "version": "1.0.3",
            "source": {
                "type": "git",
                "url": "https://github.com/maximebf/ConsoleKit.git",
                "reference": "c46403e2cf98e8413168c523bdbb7c13a386abe5"
            },
            "dist": {
                "type": "zip",
                "url": "https://api.github.com/repos/maximebf/ConsoleKit/zipball/c46403e2cf98e8413168c523bdbb7c13a386abe5",
                "reference": "c46403e2cf98e8413168c523bdbb7c13a386abe5",
                "shasum": ""
            },
            "require": {
                "php": ">=5.3.0"
            },
            "type": "library",
            "autoload": {
                "psr-0": {
                    "ConsoleKit": "src/"
                }
            },
            "notification-url": "https://packagist.org/downloads/",
            "license": [
                "MIT"
            ],
            "authors": [
                {
                    "name": "Maxime Bouroumeau-Fuseau",
                    "email": "maxime.bouroumeau@gmail.com",
                    "homepage": "http://maximebf.com"
                }
            ],
            "description": "Library to create command line utilities",
            "homepage": "https://github.com/maximebf/ConsoleKit",
            "keywords": [
                "cli",
                "commands",
                "console",
                "shell"
            ],
            "time": "2013-01-01 16:03:55"
        },
        {
            "name": "monolog/monolog",
            "version": "1.10.0",
            "source": {
                "type": "git",
                "url": "https://github.com/Seldaek/monolog.git",
                "reference": "25b16e801979098cb2f120e697bfce454b18bf23"
            },
            "dist": {
                "type": "zip",
                "url": "https://api.github.com/repos/Seldaek/monolog/zipball/25b16e801979098cb2f120e697bfce454b18bf23",
                "reference": "25b16e801979098cb2f120e697bfce454b18bf23",
                "shasum": ""
            },
            "require": {
                "php": ">=5.3.0",
                "psr/log": "~1.0"
            },
            "require-dev": {
                "aws/aws-sdk-php": "~2.4, >2.4.8",
                "doctrine/couchdb": "~1.0@dev",
                "graylog2/gelf-php": "~1.0",
                "phpunit/phpunit": "~3.7.0",
                "raven/raven": "~0.5",
                "ruflin/elastica": "0.90.*"
            },
            "suggest": {
                "aws/aws-sdk-php": "Allow sending log messages to AWS services like DynamoDB",
                "doctrine/couchdb": "Allow sending log messages to a CouchDB server",
                "ext-amqp": "Allow sending log messages to an AMQP server (1.0+ required)",
                "ext-mongo": "Allow sending log messages to a MongoDB server",
                "graylog2/gelf-php": "Allow sending log messages to a GrayLog2 server",
                "raven/raven": "Allow sending log messages to a Sentry server",
                "rollbar/rollbar": "Allow sending log messages to Rollbar",
                "ruflin/elastica": "Allow sending log messages to an Elastic Search server"
            },
            "type": "library",
            "extra": {
                "branch-alias": {
                    "dev-master": "1.10.x-dev"
                }
            },
            "autoload": {
                "psr-4": {
                    "Monolog\\": "src/Monolog"
                }
            },
            "notification-url": "https://packagist.org/downloads/",
            "license": [
                "MIT"
            ],
            "authors": [
                {
                    "name": "Jordi Boggiano",
                    "email": "j.boggiano@seld.be",
                    "homepage": "http://seld.be",
                    "role": "Developer"
                }
            ],
            "description": "Sends your logs to files, sockets, inboxes, databases and various web services",
            "homepage": "http://github.com/Seldaek/monolog",
            "keywords": [
                "log",
                "logging",
                "psr-3"
            ],
            "time": "2014-06-04 16:30:04"
        },
        {
            "name": "phpmailer/phpmailer",
            "version": "v5.2.8",
            "source": {
                "type": "git",
                "url": "https://github.com/PHPMailer/PHPMailer.git",
                "reference": "d3802c597bff8f6c2ccfa3eab2a511aa01b8d68f"
            },
            "dist": {
                "type": "zip",
                "url": "https://api.github.com/repos/PHPMailer/PHPMailer/zipball/d3802c597bff8f6c2ccfa3eab2a511aa01b8d68f",
                "reference": "d3802c597bff8f6c2ccfa3eab2a511aa01b8d68f",
                "shasum": ""
            },
            "require": {
                "php": ">=5.0.0"
            },
            "require-dev": {
                "phpdocumentor/phpdocumentor": "*",
                "phpunit/phpunit": "4.0.*"
            },
            "type": "library",
            "autoload": {
                "classmap": [
                    "class.phpmailer.php",
                    "class.pop3.php",
                    "class.smtp.php"
                ]
            },
            "notification-url": "https://packagist.org/downloads/",
            "license": [
                "LGPL-2.1"
            ],
            "authors": [
                {
                    "name": "Jim Jagielski",
                    "email": "jimjag@gmail.com"
                },
                {
                    "name": "Marcus Bointon",
                    "email": "phpmailer@synchromedia.co.uk"
                },
                {
                    "name": "Andy Prevost",
                    "email": "codeworxtech@users.sourceforge.net"
                },
                {
                    "name": "Brent R. Matzelle"
                }
            ],
            "description": "PHPMailer is a full-featured email creation and transfer class for PHP",
            "time": "2014-05-14 07:04:18"
        },
        {
            "name": "psr/log",
            "version": "1.0.0",
            "source": {
                "type": "git",
                "url": "https://github.com/php-fig/log.git",
                "reference": "fe0936ee26643249e916849d48e3a51d5f5e278b"
            },
            "dist": {
                "type": "zip",
                "url": "https://api.github.com/repos/php-fig/log/zipball/fe0936ee26643249e916849d48e3a51d5f5e278b",
                "reference": "fe0936ee26643249e916849d48e3a51d5f5e278b",
                "shasum": ""
            },
            "type": "library",
            "autoload": {
                "psr-0": {
                    "Psr\\Log\\": ""
                }
            },
            "notification-url": "https://packagist.org/downloads/",
            "license": [
                "MIT"
            ],
            "authors": [
                {
                    "name": "PHP-FIG",
                    "homepage": "http://www.php-fig.org/"
                }
            ],
            "description": "Common interface for logging libraries",
            "keywords": [
                "log",
                "psr",
                "psr-3"
            ],
            "time": "2012-12-21 11:40:51"
        },
        {
            "name": "rollbar/rollbar",
            "version": "v0.7.0",
            "source": {
                "type": "git",
                "url": "https://github.com/rollbar/rollbar-php.git",
                "reference": "8d58ac645dd00675ad0d28623b2ebab0e30cc1ca"
            },
            "dist": {
                "type": "zip",
                "url": "https://api.github.com/repos/rollbar/rollbar-php/zipball/8d58ac645dd00675ad0d28623b2ebab0e30cc1ca",
                "reference": "8d58ac645dd00675ad0d28623b2ebab0e30cc1ca",
                "shasum": ""
            },
            "type": "library",
            "autoload": {
                "classmap": [
                    "rollbar.php"
                ]
            },
            "notification-url": "https://packagist.org/downloads/",
            "license": [
                "MIT"
            ],
            "authors": [
                {
                    "name": "Brian Rue",
                    "email": "brian@rollbar.com",
                    "role": "Developer"
                }
            ],
            "description": "Monitors errors and exceptions and reports them to Rollbar",
            "homepage": "http://github.com/rollbar/rollbar-php",
            "keywords": [
                "debugging",
                "errors",
                "exceptions",
                "logging",
                "monitoring"
            ],
            "time": "2014-03-17 23:05:50"
        },
        {
            "name": "twig/twig",
            "version": "v1.16.0",
            "source": {
                "type": "git",
                "url": "https://github.com/fabpot/Twig.git",
                "reference": "8ce37115802e257a984a82d38254884085060024"
            },
            "dist": {
                "type": "zip",
                "url": "https://api.github.com/repos/fabpot/Twig/zipball/8ce37115802e257a984a82d38254884085060024",
                "reference": "8ce37115802e257a984a82d38254884085060024",
                "shasum": ""
            },
            "require": {
                "php": ">=5.2.4"
            },
            "type": "library",
            "extra": {
                "branch-alias": {
                    "dev-master": "1.16-dev"
                }
            },
            "autoload": {
                "psr-0": {
                    "Twig_": "lib/"
                }
            },
            "notification-url": "https://packagist.org/downloads/",
            "license": [
                "BSD-3-Clause"
            ],
            "authors": [
                {
                    "name": "Fabien Potencier",
                    "email": "fabien@symfony.com",
                    "homepage": "http://fabien.potencier.org",
                    "role": "Lead Developer"
                },
                {
                    "name": "Armin Ronacher",
                    "email": "armin.ronacher@active-4.com",
                    "role": "Project Founder"
                },
                {
                    "name": "Twig Team",
                    "homepage": "https://github.com/fabpot/Twig/graphs/contributors",
                    "role": "Contributors"
                }
            ],
            "description": "Twig, the flexible, fast, and secure template language for PHP",
            "homepage": "http://twig.sensiolabs.org",
            "keywords": [
                "templating"
            ],
            "time": "2014-07-05 12:19:05"
        }
    ],
    "packages-dev": [
        {
            "name": "fzaninotto/faker",
            "version": "v1.4.0",
            "source": {
                "type": "git",
                "url": "https://github.com/fzaninotto/Faker.git",
                "reference": "010c7efedd88bf31141a02719f51fb44c732d5a0"
            },
            "dist": {
                "type": "zip",
                "url": "https://api.github.com/repos/fzaninotto/Faker/zipball/010c7efedd88bf31141a02719f51fb44c732d5a0",
                "reference": "010c7efedd88bf31141a02719f51fb44c732d5a0",
                "shasum": ""
            },
            "require": {
                "php": ">=5.3.3"
            },
            "require-dev": {
                "phpunit/phpunit": "~4.0",
                "squizlabs/php_codesniffer": "~1.5"
            },
            "type": "library",
            "extra": {
                "branch-alias": [

                ]
            },
            "autoload": {
                "psr-0": {
                    "Faker": "src/",
                    "Faker\\PHPUnit": "test/"
                }
            },
            "notification-url": "https://packagist.org/downloads/",
            "license": [
                "MIT"
            ],
            "authors": [
                {
                    "name": "François Zaninotto"
                }
            ],
            "description": "Faker is a PHP library that generates fake data for you.",
            "keywords": [
                "data",
                "faker",
                "fixtures"
            ],
            "time": "2014-06-04 14:43:02"
        },
        {
            "name": "mikey179/vfsStream",
            "version": "v1.3.0",
            "source": {
                "type": "git",
                "url": "https://github.com/mikey179/vfsStream.git",
                "reference": "8571f349567e02af1b7efc0fc4e3a4a1c98e664e"
            },
            "dist": {
                "type": "zip",
                "url": "https://api.github.com/repos/mikey179/vfsStream/zipball/8571f349567e02af1b7efc0fc4e3a4a1c98e664e",
                "reference": "8571f349567e02af1b7efc0fc4e3a4a1c98e664e",
                "shasum": ""
            },
            "require": {
                "php": ">=5.3.0"
            },
            "require-dev": {
                "phpunit/phpunit": "~4.1"
            },
            "type": "library",
            "extra": {
                "branch-alias": {
                    "dev-master": "1.3.x-dev"
                }
            },
            "autoload": {
                "psr-0": {
                    "org\\bovigo\\vfs\\": "src/main/php"
                }
            },
            "notification-url": "https://packagist.org/downloads/",
            "license": [
                "BSD"
            ],
            "homepage": "http://vfs.bovigo.org/",
            "time": "2014-07-21 20:15:54"
        }
    ],
    "aliases": [
        {
            "alias": "0.1",
            "alias_normalized": "0.1.0.0",
            "version": "9999999-dev",
            "package": "jasny/auth"
        }
    ],
    "minimum-stability": "stable",
    "stability-flags": {
        "jasny/mvc": 20,
        "jasny/auth": 20,
        "jasny/social": 20,
        "jasny/iso": 20
    },
    "prefer-stable": false,
    "platform": {
        "php": ">=5.4.0"
    },
    "platform-dev": [

    ]
}
