{
    "_readme": [
        "This file locks the dependencies of your project to a known state",
        "Read more about it at http://getcomposer.org/doc/01-basic-usage.md#composer-lock-the-lock-file"
    ],
    "hash": "82505c74e9f74c79c69abd70e27ccc99",
    "packages": [
        {
            "name": "embed/embed",
            "version": "dev-master",
            "source": {
                "type": "git",
                "url": "https://github.com/oscarotero/Embed.git",
                "reference": "5c4d7c2a155cf65eff828fa3558ba321d9a6598e"
            },
            "dist": {
                "type": "zip",
                "url": "https://api.github.com/repos/oscarotero/Embed/zipball/5c4d7c2a155cf65eff828fa3558ba321d9a6598e",
                "reference": "5c4d7c2a155cf65eff828fa3558ba321d9a6598e",
                "shasum": ""
            },
            "require": {
                "php": ">=5.3.0"
            },
            "type": "library",
            "autoload": {
                "psr-0": {
                    "Embed": ""
                }
            },
            "notification-url": "https://packagist.org/downloads/",
            "license": [
                "MIT"
            ],
            "authors": [
                {
                    "name": "Oscar Otero",
                    "email": "oom@oscarotero.com",
                    "homepage": "http://oscarotero.com",
                    "role": "Developer"
                }
            ],
            "description": "PHP library to retrieve page info using oembed, opengraph, etc",
            "homepage": "https://github.com/oscarotero/Embed",
            "keywords": [
                "embed",
                "embedly",
                "oembed",
                "opengraph",
                "twitter cards"
            ],
            "time": "2014-01-10 15:17:11"
        },
        {
            "name": "gigablah/sphinxphp",
            "version": "2.0.8",
            "source": {
                "type": "git",
                "url": "https://github.com/gigablah/sphinxphp.git",
                "reference": "6d5e97fdd33c1129ca372203d1330827c1cbc46c"
            },
            "dist": {
                "type": "zip",
                "url": "https://api.github.com/repos/gigablah/sphinxphp/zipball/6d5e97fdd33c1129ca372203d1330827c1cbc46c",
                "reference": "6d5e97fdd33c1129ca372203d1330827c1cbc46c",
                "shasum": ""
            },
            "require": {
                "php": ">=5.3.0"
            },
            "require-dev": {
                "phpunit/phpunit": "3.7.*",
                "satooshi/php-coveralls": "dev-master"
            },
            "type": "library",
            "extra": {
                "branch-alias": {
                    "dev-master": "2.0.x-dev"
                }
            },
            "autoload": {
                "psr-0": {
                    "Sphinx": "src"
                }
            },
            "notification-url": "https://packagist.org/downloads/",
            "license": [
                "GPL-2.0"
            ],
            "authors": [
                {
                    "name": "Andrew Aksyonoff",
                    "homepage": "http://sphinxsearch.com/"
                }
            ],
            "description": "Sphinx Search PHP API",
            "homepage": "http://sphinxsearch.com/",
            "keywords": [
                "api",
                "search",
                "sphinx"
            ],
            "time": "2013-08-22 08:05:44"
        },
        {
            "name": "gregwar/cache",
            "version": "v1.0.6",
            "target-dir": "Gregwar/Cache",
            "source": {
                "type": "git",
                "url": "https://github.com/Gregwar/Cache.git",
                "reference": "0a090f4e0e6693468a399e88b1dd0966a53c3c67"
            },
            "dist": {
                "type": "zip",
                "url": "https://api.github.com/repos/Gregwar/Cache/zipball/0a090f4e0e6693468a399e88b1dd0966a53c3c67",
                "reference": "0a090f4e0e6693468a399e88b1dd0966a53c3c67",
                "shasum": ""
            },
            "type": "library",
            "autoload": {
                "psr-0": {
                    "Gregwar\\Cache": ""
                }
            },
            "notification-url": "https://packagist.org/downloads/",
            "license": [
                "MIT"
            ],
            "authors": [
                {
                    "name": "Gregwar",
                    "email": "g.passault@gmail.com",
                    "homepage": "http://www.gregwar.com/"
                }
            ],
            "description": "A lightweight file-system cache system",
            "keywords": [
                "cache",
                "caching",
                "file-system",
                "system"
            ],
            "time": "2013-12-01 17:20:12"
        },
        {
            "name": "gregwar/image",
            "version": "v2.0.14",
            "target-dir": "Gregwar/Image",
            "source": {
                "type": "git",
                "url": "https://github.com/Gregwar/Image.git",
                "reference": "0857e20c4ea236be058f57de9174f09a5291c633"
            },
            "dist": {
                "type": "zip",
                "url": "https://api.github.com/repos/Gregwar/Image/zipball/0857e20c4ea236be058f57de9174f09a5291c633",
                "reference": "0857e20c4ea236be058f57de9174f09a5291c633",
                "shasum": ""
            },
            "require": {
                "ext-gd": "*",
                "gregwar/cache": "v1.0.6",
                "php": ">=5.3.0"
            },
            "type": "library",
            "autoload": {
                "psr-0": {
                    "Gregwar\\Image": ""
                }
            },
            "notification-url": "https://packagist.org/downloads/",
            "license": [
                "MIT"
            ],
            "authors": [
                {
                    "name": "Grégoire Passault",
                    "email": "g.passault@gmail.com",
                    "homepage": "http://www.gregwar.com/"
                }
            ],
            "description": "Image handling",
            "homepage": "https://github.com/Gregwar/Image",
            "keywords": [
                "gd",
                "image"
            ],
            "time": "2013-12-12 10:27:50"
        },
        {
            "name": "ircmaxell/password-compat",
            "version": "1.0.3",
            "source": {
                "type": "git",
                "url": "https://github.com/ircmaxell/password_compat.git",
                "reference": "1fc1521b5e9794ea77e4eca30717be9635f1d4f4"
            },
            "dist": {
                "type": "zip",
                "url": "https://api.github.com/repos/ircmaxell/password_compat/zipball/1fc1521b5e9794ea77e4eca30717be9635f1d4f4",
                "reference": "1fc1521b5e9794ea77e4eca30717be9635f1d4f4",
                "shasum": ""
            },
            "type": "library",
            "autoload": {
                "files": [
                    "lib/password.php"
                ]
            },
            "notification-url": "https://packagist.org/downloads/",
            "license": [
                "MIT"
            ],
            "authors": [
                {
                    "name": "Anthony Ferrara",
                    "email": "ircmaxell@php.net",
                    "homepage": "http://blog.ircmaxell.com"
                }
            ],
            "description": "A compatibility library for the proposed simplified password hashing algorithm: https://wiki.php.net/rfc/password_hash",
            "homepage": "https://github.com/ircmaxell/password_compat",
            "keywords": [
                "hashing",
                "password"
            ],
            "time": "2013-04-30 19:58:08"
        },
        {
            "name": "jasny/config",
            "version": "dev-master",
            "source": {
                "type": "git",
                "url": "https://github.com/jasny/config.git",
                "reference": "8f3847d4e61b3f14c0889c0d4e6cedb5cef8b6dc"
            },
            "dist": {
                "type": "zip",
                "url": "https://api.github.com/repos/jasny/config/zipball/8f3847d4e61b3f14c0889c0d4e6cedb5cef8b6dc",
                "reference": "8f3847d4e61b3f14c0889c0d4e6cedb5cef8b6dc",
                "shasum": ""
            },
            "require": {
                "php": ">=5.4.0"
            },
            "require-dev": {
                "mustangostang/spyc": "0.*"
            },
            "type": "library",
            "autoload": {
                "psr-0": {
                    "Jasny\\Config": "src/"
                }
            },
            "notification-url": "https://packagist.org/downloads/",
            "license": [
                "MIT"
            ],
            "authors": [
                {
                    "name": "Arnold Daniels",
                    "email": "arnold@jasny.net",
                    "homepage": "http://www.jasny.net"
                }
            ],
            "description": "Configure your application. You can load .ini, .json, .yaml or .neon files or a MySQL DB.",
            "keywords": [
                "config",
                "configuration",
                "db",
                "ini",
                "json",
                "mysql",
                "yaml"
            ],
            "time": "2013-08-19 04:09:21"
        },
        {
            "name": "jasny/db",
            "version": "dev-master",
            "source": {
                "type": "git",
                "url": "https://github.com/jasny/db.git",
                "reference": "473b6a529834ea160720279781b693985b8d3c5b"
            },
            "dist": {
                "type": "zip",
                "url": "https://api.github.com/repos/jasny/db/zipball/473b6a529834ea160720279781b693985b8d3c5b",
                "reference": "473b6a529834ea160720279781b693985b8d3c5b",
                "shasum": ""
            },
            "require": {
                "jasny/dbquery": "dev-master",
                "php": ">=5.4.0"
            },
            "require-dev": {
                "psr/log": "1.x"
            },
            "suggest": {
                "monolog/monolog": "Log queries and error from Jasny/DB"
            },
            "type": "library",
            "autoload": {
                "psr-0": {
                    "Jasny\\DB": "src/"
                }
            },
            "notification-url": "https://packagist.org/downloads/",
            "license": [
                "MIT"
            ],
            "authors": [
                {
                    "name": "Arnold Daniels",
                    "email": "arnold@jasny.net",
                    "homepage": "http://www.jasny.net"
                }
            ],
            "description": "A DB layer for the masses",
            "homepage": "http://jasny.github.com/db",
            "keywords": [
                "database",
                "db",
                "mysql"
            ],
            "time": "2014-01-21 03:35:50"
        },
        {
            "name": "jasny/dbquery",
            "version": "dev-master",
            "source": {
                "type": "git",
                "url": "https://github.com/jasny/dbquery.git",
                "reference": "91d85a118c6eecf2296e7ecaaec6e21357da2b7b"
            },
            "dist": {
                "type": "zip",
                "url": "https://api.github.com/repos/jasny/dbquery/zipball/91d85a118c6eecf2296e7ecaaec6e21357da2b7b",
                "reference": "91d85a118c6eecf2296e7ecaaec6e21357da2b7b",
                "shasum": ""
            },
            "require": {
                "php": ">=5.3.0"
            },
            "suggest": {
                "jasny/db": "Jasny's DB layer for the masses (it's good)"
            },
            "type": "library",
            "autoload": {
                "psr-0": {
                    "Jasny\\DB\\MySQL\\Query": "src/"
                }
            },
            "notification-url": "https://packagist.org/downloads/",
            "license": [
                "MIT"
            ],
            "authors": [
                {
                    "name": "Arnold Daniels",
                    "email": "arnold@jasny.net",
                    "homepage": "http://www.jasny.net"
                }
            ],
            "description": "The best and most complete query builder/parser (for MySQL)",
            "homepage": "http://jasny.github.com/dbquery",
            "keywords": [
                "database",
                "db",
                "query",
                "query builder",
                "sql"
            ],
            "time": "2014-01-21 15:31:39"
        },
        {
            "name": "jasny/iso",
            "version": "dev-master",
            "source": {
                "type": "git",
                "url": "https://github.com/jasny/iso.git",
                "reference": "fbecc8ddebccc22b1c65eb590afd4950ec914757"
            },
            "dist": {
                "type": "zip",
                "url": "https://api.github.com/repos/jasny/iso/zipball/fbecc8ddebccc22b1c65eb590afd4950ec914757",
                "reference": "fbecc8ddebccc22b1c65eb590afd4950ec914757",
                "shasum": ""
            },
            "require": {
                "php": ">=5.4.0"
            },
            "type": "library",
            "autoload": {
                "psr-0": {
                    "Jasny\\ISO": "src/"
                }
            },
            "notification-url": "https://packagist.org/downloads/",
            "time": "2013-12-23 01:00:58"
        },
        {
            "name": "jasny/mvc",
            "version": "dev-master",
            "source": {
                "type": "git",
                "url": "https://github.com/jasny/mvc.git",
                "reference": "0a0f1ab374e3703f11ef1f196dfe78a0ae0f850c"
            },
            "dist": {
                "type": "zip",
                "url": "https://api.github.com/repos/jasny/mvc/zipball/0a0f1ab374e3703f11ef1f196dfe78a0ae0f850c",
                "reference": "0a0f1ab374e3703f11ef1f196dfe78a0ae0f850c",
                "shasum": ""
            },
            "require": {
                "php": ">=5.4.0"
            },
            "type": "library",
            "autoload": {
                "psr-0": {
                    "Jasny\\Router": "src/",
                    "Jasny\\Controller": "src/",
                    "Jasny\\View": "src/"
                }
            },
            "notification-url": "https://packagist.org/downloads/",
            "license": [
                "MIT"
            ],
            "authors": [
                {
                    "name": "Arnold Daniels",
                    "email": "arnold@jasny.net",
                    "homepage": "http://www.jasny.net"
                }
            ],
            "description": "The basics for an MVC application",
            "keywords": [
                "mvc"
            ],
            "time": "2014-01-23 02:43:12"
        },
        {
            "name": "jasny/social",
            "version": "dev-master",
            "source": {
                "type": "git",
                "url": "https://github.com/jasny/social.git",
                "reference": "f1a8a212e8d9d8750572d7175f3be1f7d381266a"
            },
            "dist": {
                "type": "zip",
                "url": "https://api.github.com/repos/jasny/social/zipball/f1a8a212e8d9d8750572d7175f3be1f7d381266a",
                "reference": "f1a8a212e8d9d8750572d7175f3be1f7d381266a",
                "shasum": ""
            },
            "require": {
                "jasny/iso": "dev-master",
                "php": ">=5.4.0"
            },
            "type": "library",
            "autoload": {
                "psr-0": {
                    "Social": "src/"
                }
            },
            "notification-url": "https://packagist.org/downloads/",
            "time": "2014-01-13 00:04:48"
        },
        {
            "name": "jasny/twig-extensions",
            "version": "dev-master",
            "source": {
                "type": "git",
                "url": "https://github.com/jasny/twig-extensions.git",
                "reference": "b74c5bc8dfd6a6f4f96b2f4feb53f1fc83b76030"
            },
            "dist": {
                "type": "zip",
                "url": "https://api.github.com/repos/jasny/twig-extensions/zipball/b74c5bc8dfd6a6f4f96b2f4feb53f1fc83b76030",
                "reference": "b74c5bc8dfd6a6f4f96b2f4feb53f1fc83b76030",
                "shasum": ""
            },
            "require": {
                "php": ">=5.3.0",
                "twig/twig": "1.*"
            },
            "suggest": {
                "ext-intl": "Required for the use of the LocalDate Twig extension",
                "ext-pcre": "Required for the use of the PCRE Twig extension"
            },
            "type": "library",
            "autoload": {
                "psr-0": {
                    "Jasny\\Twig": "src/"
                }
            },
            "notification-url": "https://packagist.org/downloads/",
            "license": [
                "MIT"
            ],
            "authors": [
                {
                    "name": "Arnold Daniels",
                    "email": "arnold@jasny.net",
                    "homepage": "http://www.jasny.net"
                }
            ],
            "description": "A set of useful Twig filters",
            "homepage": "http://github.com/jasny/twig-extensions#README",
            "keywords": [
                "PCRE",
                "array",
                "date",
                "datetime",
                "preg",
                "regex",
                "templating",
                "text",
                "time"
            ],
            "time": "2013-10-25 15:30:15"
        },
        {
            "name": "monolog/monolog",
            "version": "1.7.0",
            "source": {
                "type": "git",
                "url": "https://github.com/Seldaek/monolog.git",
                "reference": "6225b22de9dcf36546be3a0b2fa8e3d986153f57"
            },
            "dist": {
                "type": "zip",
                "url": "https://api.github.com/repos/Seldaek/monolog/zipball/6225b22de9dcf36546be3a0b2fa8e3d986153f57",
                "reference": "6225b22de9dcf36546be3a0b2fa8e3d986153f57",
                "shasum": ""
            },
            "require": {
                "php": ">=5.3.0",
                "psr/log": "~1.0"
            },
            "require-dev": {
                "aws/aws-sdk-php": "~2.4.8",
                "doctrine/couchdb": "dev-master",
                "mlehner/gelf-php": "1.0.*",
                "phpunit/phpunit": "~3.7.0",
                "raven/raven": "0.5.*",
                "ruflin/elastica": "0.90.*"
            },
            "suggest": {
                "aws/aws-sdk-php": "Allow sending log messages to AWS services like DynamoDB",
                "doctrine/couchdb": "Allow sending log messages to a CouchDB server",
                "ext-amqp": "Allow sending log messages to an AMQP server (1.0+ required)",
                "ext-mongo": "Allow sending log messages to a MongoDB server",
                "mlehner/gelf-php": "Allow sending log messages to a GrayLog2 server",
                "raven/raven": "Allow sending log messages to a Sentry server",
                "ruflin/elastica": "Allow sending log messages to an Elastic Search server"
            },
            "type": "library",
            "extra": {
                "branch-alias": {
                    "dev-master": "1.7.x-dev"
                }
            },
            "autoload": {
                "psr-0": {
                    "Monolog": "src/"
                }
            },
            "notification-url": "https://packagist.org/downloads/",
            "license": [
                "MIT"
            ],
            "authors": [
                {
                    "name": "Jordi Boggiano",
                    "email": "j.boggiano@seld.be",
                    "homepage": "http://seld.be",
                    "role": "Developer"
                }
            ],
            "description": "Sends your logs to files, sockets, inboxes, databases and various web services",
            "homepage": "http://github.com/Seldaek/monolog",
            "keywords": [
                "log",
                "logging",
                "psr-3"
            ],
            "time": "2013-11-14 19:48:31"
        },
        {
            "name": "phpmailer/phpmailer",
            "version": "v5.2.7",
            "source": {
                "type": "git",
                "url": "https://github.com/PHPMailer/PHPMailer.git",
                "reference": "8717a79565b2c0ed67f851d70e1949febdf3b226"
            },
            "dist": {
                "type": "zip",
                "url": "https://api.github.com/repos/PHPMailer/PHPMailer/zipball/8717a79565b2c0ed67f851d70e1949febdf3b226",
                "reference": "8717a79565b2c0ed67f851d70e1949febdf3b226",
                "shasum": ""
            },
            "require": {
                "php": ">=5.0.0"
            },
            "require-dev": {
                "phpdocumentor/phpdocumentor": "*",
                "phpunit/phpunit": "*"
            },
            "type": "library",
            "autoload": {
                "classmap": [
                    "class.phpmailer.php",
                    "class.pop3.php",
                    "class.smtp.php"
                ]
            },
            "notification-url": "https://packagist.org/downloads/",
            "license": [
                "LGPL-2.1"
            ],
            "authors": [
                {
                    "name": "Jim Jagielski",
                    "email": "jimjag@gmail.com"
                },
                {
                    "name": "Marcus Bointon",
                    "email": "phpmailer@synchromedia.co.uk"
                },
                {
                    "name": "Andy Prevost",
                    "email": "codeworxtech@users.sourceforge.net"
                },
                {
                    "name": "Brent R. Matzelle"
                }
            ],
            "description": "PHPMailer is a full-featured email creation and transfer class for PHP",
            "time": "2013-09-12 07:52:38"
        },
        {
            "name": "psr/log",
            "version": "1.0.0",
            "source": {
                "type": "git",
                "url": "https://github.com/php-fig/log.git",
                "reference": "fe0936ee26643249e916849d48e3a51d5f5e278b"
            },
            "dist": {
                "type": "zip",
                "url": "https://api.github.com/repos/php-fig/log/zipball/fe0936ee26643249e916849d48e3a51d5f5e278b",
                "reference": "fe0936ee26643249e916849d48e3a51d5f5e278b",
                "shasum": ""
            },
            "type": "library",
            "autoload": {
                "psr-0": {
                    "Psr\\Log\\": ""
                }
            },
            "notification-url": "https://packagist.org/downloads/",
            "license": [
                "MIT"
            ],
            "authors": [
                {
                    "name": "PHP-FIG",
                    "homepage": "http://www.php-fig.org/"
                }
            ],
            "description": "Common interface for logging libraries",
            "keywords": [
                "log",
                "psr",
                "psr-3"
            ],
            "time": "2012-12-21 11:40:51"
        },
        {
            "name": "twig/twig",
            "version": "v1.15.0",
            "source": {
                "type": "git",
                "url": "https://github.com/fabpot/Twig.git",
                "reference": "85e4ff98000157ff753d934b9f13659a953f5666"
            },
            "dist": {
                "type": "zip",
                "url": "https://api.github.com/repos/fabpot/Twig/zipball/85e4ff98000157ff753d934b9f13659a953f5666",
                "reference": "85e4ff98000157ff753d934b9f13659a953f5666",
                "shasum": ""
            },
            "require": {
                "php": ">=5.2.4"
            },
            "type": "library",
            "extra": {
                "branch-alias": {
                    "dev-master": "1.15-dev"
                }
            },
            "autoload": {
                "psr-0": {
                    "Twig_": "lib/"
                }
            },
            "notification-url": "https://packagist.org/downloads/",
            "license": [
                "BSD-3-Clause"
            ],
            "authors": [
                {
                    "name": "Fabien Potencier",
                    "email": "fabien@symfony.com"
                },
                {
                    "name": "Armin Ronacher",
                    "email": "armin.ronacher@active-4.com"
                }
            ],
            "description": "Twig, the flexible, fast, and secure template language for PHP",
            "homepage": "http://twig.sensiolabs.org",
            "keywords": [
                "templating"
            ],
            "time": "2013-12-06 07:47:10"
        }
    ],
    "packages-dev": [

    ],
    "aliases": [

    ],
    "minimum-stability": "stable",
    "stability-flags": {
        "jasny/config": 20,
        "jasny/mvc": 20,
        "jasny/dbquery": 20,
        "jasny/db": 20,
        "jasny/twig-extensions": 20,
        "jasny/iso": 20,
        "jasny/social": 20,
        "embed/embed": 20
    },
    "platform": {
        "php": ">=5.4.0"
    },
    "platform-dev": [

    ]
}
